
Microsoft Visual Studio Solution File, Format Version 12.00
# Visual Studio Version 17
VisualStudioVersion = 17.2.32630.192
MinimumVisualStudioVersion = 10.0.40219.1
Project("{9A19103F-16F7-4668-BE54-9A1E7A4F7556}") = "VShop.ProductApi", "VShop.ProductApi.csproj", "{98A61E7D-8ECC-41E5-A4A1-6E0532737ECC}"
EndProject
Global
	GlobalSection(SolutionConfigurationPlatforms) = preSolution
		Debug|Any CPU = Debug|Any CPU
		Release|Any CPU = Release|Any CPU
	EndGlobalSection
	GlobalSection(ProjectConfigurationPlatforms) = postSolution
		{98A61E7D-8ECC-41E5-A4A1-6E0532737ECC}.Debug|Any CPU.ActiveCfg = Debug|Any CPU
		{98A61E7D-8ECC-41E5-A4A1-6E0532737ECC}.Debug|Any CPU.Build.0 = Debug|Any CPU
		{98A61E7D-8ECC-41E5-A4A1-6E0532737ECC}.Release|Any CPU.ActiveCfg = Release|Any CPU
		{98A61E7D-8ECC-41E5-A4A1-6E0532737ECC}.Release|Any CPU.Build.0 = Release|Any CPU
	EndGlobalSection
	GlobalSection(SolutionProperties) = preSolution
		HideSolutionNode = FALSE
	EndGlobalSection
	GlobalSection(ExtensibilityGlobals) = postSolution
		SolutionGuid = {7C957C35-FA13-408F-89C2-2387CD03DF16}
	EndGlobalSection
EndGlobal
